
Microsoft Visual Studio Solution File, Format Version 12.00
# Visual Studio 15
VisualStudioVersion = 15.0.27703.2047
MinimumVisualStudioVersion = 10.0.40219.1
Project("{888888A0-9F3D-457C-B088-3A5042F75D52}") = "DjangoWebProject", "DjangoWebProject\DjangoWebProject.pyproj", "{597FD83A-7029-4515-9290-CCC6F2A3A10E}"
EndProject
Project("{888888A0-9F3D-457C-B088-3A5042F75D52}") = "DjangoWeb", "DjangoWeb\DjangoWeb.pyproj", "{44AF8E4E-E9C5-407C-B818-8ACD450AB627}"
EndProject
Global
	GlobalSection(SolutionConfigurationPlatforms) = preSolution
		Debug|Any CPU = Debug|Any CPU
		Release|Any CPU = Release|Any CPU
	EndGlobalSection
	GlobalSection(ProjectConfigurationPlatforms) = postSolution
		{597FD83A-7029-4515-9290-CCC6F2A3A10E}.Debug|Any CPU.ActiveCfg = Debug|Any CPU
		{597FD83A-7029-4515-9290-CCC6F2A3A10E}.Debug|Any CPU.Build.0 = Debug|Any CPU
		{597FD83A-7029-4515-9290-CCC6F2A3A10E}.Release|Any CPU.ActiveCfg = Release|Any CPU
		{597FD83A-7029-4515-9290-CCC6F2A3A10E}.Release|Any CPU.Build.0 = Release|Any CPU
		{44AF8E4E-E9C5-407C-B818-8ACD450AB627}.Debug|Any CPU.ActiveCfg = Debug|Any CPU
		{44AF8E4E-E9C5-407C-B818-8ACD450AB627}.Debug|Any CPU.Build.0 = Debug|Any CPU
		{44AF8E4E-E9C5-407C-B818-8ACD450AB627}.Release|Any CPU.ActiveCfg = Release|Any CPU
		{44AF8E4E-E9C5-407C-B818-8ACD450AB627}.Release|Any CPU.Build.0 = Release|Any CPU
	EndGlobalSection
	GlobalSection(SolutionProperties) = preSolution
		HideSolutionNode = FALSE
	EndGlobalSection
	GlobalSection(ExtensibilityGlobals) = postSolution
		SolutionGuid = {5BAB9A7B-08A2-4DA7-B16B-02BF8FAAFF12}
	EndGlobalSection
EndGlobal
